{
  "version": 4,
  "terraform_version": "1.5.6",
  "serial": 8,
  "lineage": "efe9d622-7c79-5799-8beb-3433683cff3e",
  "outputs": {},
  "resources": [
    {
      "mode": "managed",
      "type": "digitalocean_kubernetes_cluster",
      "name": "jesusmoh",
      "provider": "provider[\"registry.terraform.io/digitalocean/digitalocean\"]",
      "instances": [
        {
          "schema_version": 3,
          "attributes": {
            "auto_upgrade": false,
            "cluster_subnet": "10.244.0.0/16",
            "created_at": "2023-09-03 02:09:57 +0000 UTC",
            "destroy_all_associated_resources": false,
            "endpoint": "https://e69c3efa-2f32-46f8-9eeb-97cf1bff1b04.k8s.ondigitalocean.com",
            "ha": false,
            "id": "e69c3efa-2f32-46f8-9eeb-97cf1bff1b04",
            "ipv4_address": "",
            "kube_config": [
              {
                "client_certificate": "",
                "client_key": "",
                "cluster_ca_certificate": "LS0tLS1CRUdJTiBDRVJUSUZJQ0FURS0tLS0tCk1JSURKekNDQWcrZ0F3SUJBZ0lDQm5Vd0RRWUpLb1pJaHZjTkFRRUxCUUF3TXpFVk1CTUdBMVVFQ2hNTVJHbG4KYVhSaGJFOWpaV0Z1TVJvd0dBWURWUVFERXhGck9ITmhZWE1nUTJ4MWMzUmxjaUJEUVRBZUZ3MHlNekE1TURNdwpNakV3TURSYUZ3MDBNekE1TURNd01qRXdNRFJhTURNeEZUQVRCZ05WQkFvVERFUnBaMmwwWVd4UFkyVmhiakVhCk1CZ0dBMVVFQXhNUmF6aHpZV0Z6SUVOc2RYTjBaWElnUTBFd2dnRWlNQTBHQ1NxR1NJYjNEUUVCQVFVQUE0SUIKRHdBd2dnRUtBb0lCQVFDMVBWTjViRXZkU2F2Qnd4OXhPZ29ZVTdKYUdlUmRubjlWSkRNaThIN0IwN1EwMGNETQpPa3VkNCtVelpsR3Q1akduYmljUW4xMHA5Y0E3RDA0MWY1ZnYxWEx1aEgzS0lsdXdkeFZ1R3B4MEIzQXd6bzcxCkhIbFBkR3kyV1lVOUF1VTd2MUF5VFJJOHpuQmhDL3NUc1ZOaVMwNk5aVk1uclQxUDgzRGdaSjNmWG9sbVl6SFIKOFJJMVhxdHRqTVMrUFkvY3hCNTdXL2Q0a0pVSGdJT1I2TEhteWt3d25YUWovK2dTZWcySkhxMEloY0Y1RjVsNgpFTnBnNCtCOTdqK2FlNUxnMG9uNnZxUFBLOVRiM2J3SS9PVHdOZ0dySmNSTUE0TGM3MEFRTzErWXB3ZjBBc2FECkdFSkc4OEdYTkNjK0VzLzk2S0Jpa1VudVF5U0ltRGhKbmJRWEFnTUJBQUdqUlRCRE1BNEdBMVVkRHdFQi93UUUKQXdJQmhqQVNCZ05WSFJNQkFmOEVDREFHQVFIL0FnRUFNQjBHQTFVZERnUVdCQlJ5SzNTUjhqSnJNeXgzWTdxcQp5VnRHcnd0blhUQU5CZ2txaGtpRzl3MEJBUXNGQUFPQ0FRRUFFdFAzOEc1OWYwczJwL2RRM0NVRktKMm41MHBMCm1wbWd1R29qS0lnYVQyKzBZeGk0dzVTaHYwdHhhM3hqeUpjWGxlOHhUb3pjQzkrWjJwaU9PMHFhZmNXNmFpUnUKRDMyTFg4VTFKQmV5RWZFbm10Qzk2KzBoTlFvb2VERU9mSDdEbTlIOE1aNlJWciszeno3dTIwWnFzQ01oSmNLZAozbjlPRStkRE5XVFlITkZxS3BPTExjdE5ndXFpYy8zWGMvUXJKaUxMTzE5cnFCdVduditlUW9tVnlWTVBhYzRtCmZwOG0xTDJaZ0ZLR2M0TkxsdmJuNnNSbklqYzYvVEI4T09SVWpXUktFaEN5dytPc2RWT05Nc1hLcXp1Wlg1S0cKaVVtN1FLR09xclZiTWVmS1R4dmVoT1lXbTlhNjV0R3B4L2IwckhCSmVacHBPUE5kTGhCU3ZNNWRVdz09Ci0tLS0tRU5EIENFUlRJRklDQVRFLS0tLS0K",
                "expires_at": "2023-09-10T02:15:28Z",
                "host": "https://e69c3efa-2f32-46f8-9eeb-97cf1bff1b04.k8s.ondigitalocean.com",
                "raw_config": "apiVersion: v1\nkind: Config\nclusters:\n- cluster:\n    certificate-authority-data: LS0tLS1CRUdJTiBDRVJUSUZJQ0FURS0tLS0tCk1JSURKekNDQWcrZ0F3SUJBZ0lDQm5Vd0RRWUpLb1pJaHZjTkFRRUxCUUF3TXpFVk1CTUdBMVVFQ2hNTVJHbG4KYVhSaGJFOWpaV0Z1TVJvd0dBWURWUVFERXhGck9ITmhZWE1nUTJ4MWMzUmxjaUJEUVRBZUZ3MHlNekE1TURNdwpNakV3TURSYUZ3MDBNekE1TURNd01qRXdNRFJhTURNeEZUQVRCZ05WQkFvVERFUnBaMmwwWVd4UFkyVmhiakVhCk1CZ0dBMVVFQXhNUmF6aHpZV0Z6SUVOc2RYTjBaWElnUTBFd2dnRWlNQTBHQ1NxR1NJYjNEUUVCQVFVQUE0SUIKRHdBd2dnRUtBb0lCQVFDMVBWTjViRXZkU2F2Qnd4OXhPZ29ZVTdKYUdlUmRubjlWSkRNaThIN0IwN1EwMGNETQpPa3VkNCtVelpsR3Q1akduYmljUW4xMHA5Y0E3RDA0MWY1ZnYxWEx1aEgzS0lsdXdkeFZ1R3B4MEIzQXd6bzcxCkhIbFBkR3kyV1lVOUF1VTd2MUF5VFJJOHpuQmhDL3NUc1ZOaVMwNk5aVk1uclQxUDgzRGdaSjNmWG9sbVl6SFIKOFJJMVhxdHRqTVMrUFkvY3hCNTdXL2Q0a0pVSGdJT1I2TEhteWt3d25YUWovK2dTZWcySkhxMEloY0Y1RjVsNgpFTnBnNCtCOTdqK2FlNUxnMG9uNnZxUFBLOVRiM2J3SS9PVHdOZ0dySmNSTUE0TGM3MEFRTzErWXB3ZjBBc2FECkdFSkc4OEdYTkNjK0VzLzk2S0Jpa1VudVF5U0ltRGhKbmJRWEFnTUJBQUdqUlRCRE1BNEdBMVVkRHdFQi93UUUKQXdJQmhqQVNCZ05WSFJNQkFmOEVDREFHQVFIL0FnRUFNQjBHQTFVZERnUVdCQlJ5SzNTUjhqSnJNeXgzWTdxcQp5VnRHcnd0blhUQU5CZ2txaGtpRzl3MEJBUXNGQUFPQ0FRRUFFdFAzOEc1OWYwczJwL2RRM0NVRktKMm41MHBMCm1wbWd1R29qS0lnYVQyKzBZeGk0dzVTaHYwdHhhM3hqeUpjWGxlOHhUb3pjQzkrWjJwaU9PMHFhZmNXNmFpUnUKRDMyTFg4VTFKQmV5RWZFbm10Qzk2KzBoTlFvb2VERU9mSDdEbTlIOE1aNlJWciszeno3dTIwWnFzQ01oSmNLZAozbjlPRStkRE5XVFlITkZxS3BPTExjdE5ndXFpYy8zWGMvUXJKaUxMTzE5cnFCdVduditlUW9tVnlWTVBhYzRtCmZwOG0xTDJaZ0ZLR2M0TkxsdmJuNnNSbklqYzYvVEI4T09SVWpXUktFaEN5dytPc2RWT05Nc1hLcXp1Wlg1S0cKaVVtN1FLR09xclZiTWVmS1R4dmVoT1lXbTlhNjV0R3B4L2IwckhCSmVacHBPUE5kTGhCU3ZNNWRVdz09Ci0tLS0tRU5EIENFUlRJRklDQVRFLS0tLS0K\n    server: https://e69c3efa-2f32-46f8-9eeb-97cf1bff1b04.k8s.ondigitalocean.com\n  name: do-nyc1-jesusmoh\ncontexts:\n- context:\n    cluster: do-nyc1-jesusmoh\n    user: do-nyc1-jesusmoh-admin\n  name: do-nyc1-jesusmoh\ncurrent-context: do-nyc1-jesusmoh\nusers:\n- name: do-nyc1-jesusmoh-admin\n  user:\n    token: dop_v1_564cda03de94c675d71deb7fbca2de69d8bec15d0ad4e4ba316e4b445aae8a01\n",
                "token": "dop_v1_564cda03de94c675d71deb7fbca2de69d8bec15d0ad4e4ba316e4b445aae8a01"
              }
            ],
            "maintenance_policy": [
              {
                "day": "any",
                "duration": "4h0m0s",
                "start_time": "7:00"
              }
            ],
            "name": "jesusmoh",
            "node_pool": [
              {
                "actual_node_count": 1,
                "auto_scale": false,
                "id": "de07d1c6-452a-4f10-adbb-dbb777c6136b",
                "labels": {},
                "max_nodes": 0,
                "min_nodes": 0,
                "name": "the-pool-nodes",
                "node_count": 1,
                "nodes": [
                  {
                    "created_at": "2023-09-03 02:09:57 +0000 UTC",
                    "droplet_id": "372954983",
                    "id": "39eadc28-d11c-429a-9be8-f19d05ac1a8d",
                    "name": "the-pool-nodes-yba1x",
                    "status": "running",
                    "updated_at": "2023-09-03 02:12:07 +0000 UTC"
                  }
                ],
                "size": "s-1vcpu-2gb-intel",
                "tags": [],
                "taint": []
              }
            ],
            "region": "nyc1",
            "registry_integration": false,
            "service_subnet": "10.245.0.0/16",
            "status": "running",
            "surge_upgrade": true,
            "tags": [],
            "timeouts": null,
            "updated_at": "2023-09-03 02:15:27 +0000 UTC",
            "urn": "do:kubernetes:e69c3efa-2f32-46f8-9eeb-97cf1bff1b04",
            "version": "1.25.12-do.0",
            "vpc_uuid": "1a5b6357-1dde-4f3b-a5a4-686d4dcba718"
          },
          "sensitive_attributes": [],
          "private": "eyJlMmJmYjczMC1lY2FhLTExZTYtOGY4OC0zNDM2M2JjN2M0YzAiOnsiY3JlYXRlIjoxODAwMDAwMDAwMDAwfSwic2NoZW1hX3ZlcnNpb24iOiIzIn0="
        }
      ]
    },
    {
      "mode": "managed",
      "type": "kubernetes_daemonset",
      "name": "fluentd",
      "provider": "provider[\"registry.terraform.io/hashicorp/kubernetes\"]",
      "instances": [
        {
          "schema_version": 1,
          "attributes": {
            "id": "kube-system/fluentd",
            "metadata": [
              {
                "annotations": {},
                "generate_name": "",
                "generation": 2,
                "labels": {
                  "test": "fluentd"
                },
                "name": "fluentd",
                "namespace": "kube-system",
                "resource_version": "8550",
                "uid": "e41e948b-c1ed-4ae3-b537-5fe6b767369b"
              }
            ],
            "spec": [
              {
                "min_ready_seconds": 0,
                "revision_history_limit": 10,
                "selector": [
                  {
                    "match_expressions": [],
                    "match_labels": {
                      "test": "fluentd"
                    }
                  }
                ],
                "strategy": [
                  {
                    "rolling_update": [
                      {
                        "max_unavailable": "1"
                      }
                    ],
                    "type": "RollingUpdate"
                  }
                ],
                "template": [
                  {
                    "metadata": [
                      {
                        "annotations": {},
                        "generate_name": "",
                        "generation": 0,
                        "labels": {
                          "test": "fluentd"
                        },
                        "name": "",
                        "resource_version": "",
                        "uid": ""
                      }
                    ],
                    "spec": [
                      {
                        "active_deadline_seconds": 0,
                        "affinity": [],
                        "automount_service_account_token": true,
                        "container": [
                          {
                            "args": [],
                            "command": [
                              "/bin/sh",
                              "-c",
                              "/usr/sbin/td-agent 2\u003e\u00261 \u003e\u003e /var/log/fluentd.log"
                            ],
                            "env": [
                              {
                                "name": "LOGGLY_URL",
                                "value": "https://logs-01.loggly.com/inputs/G9V4fiaoPizWrovY3xfV1tUoTDK79I6HMhwlWPPhzgMTKPfHFA-leNx2uU3eCyjuf12Q9Uo/tag/k8",
                                "value_from": []
                              }
                            ],
                            "env_from": [],
                            "image": "garland/kubernetes-fluentd-loggly:1.0",
                            "image_pull_policy": "IfNotPresent",
                            "lifecycle": [],
                            "liveness_probe": [],
                            "name": "fluentd-es",
                            "port": [],
                            "readiness_probe": [],
                            "resources": [
                              {
                                "limits": {},
                                "requests": {}
                              }
                            ],
                            "security_context": [],
                            "startup_probe": [],
                            "stdin": false,
                            "stdin_once": false,
                            "termination_message_path": "/dev/termination-log",
                            "termination_message_policy": "File",
                            "tty": false,
                            "volume_mount": [
                              {
                                "mount_path": "/var/log",
                                "mount_propagation": "None",
                                "name": "varlog",
                                "read_only": false,
                                "sub_path": ""
                              },
                              {
                                "mount_path": "/var/lib/docker/containers",
                                "mount_propagation": "None",
                                "name": "varlibdockercontainers",
                                "read_only": true,
                                "sub_path": ""
                              }
                            ],
                            "working_dir": ""
                          }
                        ],
                        "dns_config": [],
                        "dns_policy": "ClusterFirst",
                        "enable_service_links": true,
                        "host_aliases": [],
                        "host_ipc": false,
                        "host_network": false,
                        "host_pid": false,
                        "hostname": "",
                        "image_pull_secrets": [],
                        "init_container": [],
                        "node_name": "",
                        "node_selector": {},
                        "priority_class_name": "",
                        "readiness_gate": [],
                        "restart_policy": "Always",
                        "runtime_class_name": "",
                        "scheduler_name": "default-scheduler",
                        "security_context": [],
                        "service_account_name": "",
                        "share_process_namespace": false,
                        "subdomain": "",
                        "termination_grace_period_seconds": 30,
                        "toleration": [],
                        "topology_spread_constraint": [],
                        "volume": [
                          {
                            "aws_elastic_block_store": [],
                            "azure_disk": [],
                            "azure_file": [],
                            "ceph_fs": [],
                            "cinder": [],
                            "config_map": [],
                            "csi": [],
                            "downward_api": [],
                            "empty_dir": [],
                            "ephemeral": [],
                            "fc": [],
                            "flex_volume": [],
                            "flocker": [],
                            "gce_persistent_disk": [],
                            "git_repo": [],
                            "glusterfs": [],
                            "host_path": [
                              {
                                "path": "/var/log",
                                "type": ""
                              }
                            ],
                            "iscsi": [],
                            "local": [],
                            "name": "varlog",
                            "nfs": [],
                            "persistent_volume_claim": [],
                            "photon_persistent_disk": [],
                            "projected": [],
                            "quobyte": [],
                            "rbd": [],
                            "secret": [],
                            "vsphere_volume": []
                          },
                          {
                            "aws_elastic_block_store": [],
                            "azure_disk": [],
                            "azure_file": [],
                            "ceph_fs": [],
                            "cinder": [],
                            "config_map": [],
                            "csi": [],
                            "downward_api": [],
                            "empty_dir": [],
                            "ephemeral": [],
                            "fc": [],
                            "flex_volume": [],
                            "flocker": [],
                            "gce_persistent_disk": [],
                            "git_repo": [],
                            "glusterfs": [],
                            "host_path": [
                              {
                                "path": "/var/lib/docker/containers",
                                "type": ""
                              }
                            ],
                            "iscsi": [],
                            "local": [],
                            "name": "varlibdockercontainers",
                            "nfs": [],
                            "persistent_volume_claim": [],
                            "photon_persistent_disk": [],
                            "projected": [],
                            "quobyte": [],
                            "rbd": [],
                            "secret": [],
                            "vsphere_volume": []
                          }
                        ]
                      }
                    ]
                  }
                ]
              }
            ],
            "timeouts": null,
            "wait_for_rollout": true
          },
          "sensitive_attributes": [],
          "private": "eyJlMmJmYjczMC1lY2FhLTExZTYtOGY4OC0zNDM2M2JjN2M0YzAiOnsiY3JlYXRlIjo2MDAwMDAwMDAwMDAsImRlbGV0ZSI6NjAwMDAwMDAwMDAwLCJ1cGRhdGUiOjYwMDAwMDAwMDAwMH0sInNjaGVtYV92ZXJzaW9uIjoiMSJ9",
          "dependencies": [
            "local_file.kubernetes_config"
          ]
        }
      ]
    },
    {
      "mode": "managed",
      "type": "kubernetes_namespace",
      "name": "example",
      "provider": "provider[\"registry.terraform.io/hashicorp/kubernetes\"]",
      "instances": [
        {
          "schema_version": 0,
          "attributes": {
            "id": "my-first-namespace",
            "metadata": [
              {
                "annotations": {},
                "generate_name": "",
                "generation": 0,
                "labels": {},
                "name": "my-first-namespace",
                "resource_version": "3119",
                "uid": "d9f44135-468e-4a49-a690-c2eff6aafffa"
              }
            ],
            "timeouts": null,
            "wait_for_default_service_account": false
          },
          "sensitive_attributes": [],
          "private": "eyJlMmJmYjczMC1lY2FhLTExZTYtOGY4OC0zNDM2M2JjN2M0YzAiOnsiZGVsZXRlIjozMDAwMDAwMDAwMDB9fQ==",
          "dependencies": [
            "digitalocean_kubernetes_cluster.jesusmoh",
            "local_file.kubernetes_config"
          ]
        }
      ]
    },
    {
      "mode": "managed",
      "type": "local_file",
      "name": "kubernetes_config",
      "provider": "provider[\"registry.terraform.io/hashicorp/local\"]",
      "instances": [
        {
          "schema_version": 0,
          "attributes": {
            "content": "apiVersion: v1\nkind: Config\nclusters:\n- cluster:\n    certificate-authority-data: LS0tLS1CRUdJTiBDRVJUSUZJQ0FURS0tLS0tCk1JSURKekNDQWcrZ0F3SUJBZ0lDQm5Vd0RRWUpLb1pJaHZjTkFRRUxCUUF3TXpFVk1CTUdBMVVFQ2hNTVJHbG4KYVhSaGJFOWpaV0Z1TVJvd0dBWURWUVFERXhGck9ITmhZWE1nUTJ4MWMzUmxjaUJEUVRBZUZ3MHlNekE1TURNdwpNakV3TURSYUZ3MDBNekE1TURNd01qRXdNRFJhTURNeEZUQVRCZ05WQkFvVERFUnBaMmwwWVd4UFkyVmhiakVhCk1CZ0dBMVVFQXhNUmF6aHpZV0Z6SUVOc2RYTjBaWElnUTBFd2dnRWlNQTBHQ1NxR1NJYjNEUUVCQVFVQUE0SUIKRHdBd2dnRUtBb0lCQVFDMVBWTjViRXZkU2F2Qnd4OXhPZ29ZVTdKYUdlUmRubjlWSkRNaThIN0IwN1EwMGNETQpPa3VkNCtVelpsR3Q1akduYmljUW4xMHA5Y0E3RDA0MWY1ZnYxWEx1aEgzS0lsdXdkeFZ1R3B4MEIzQXd6bzcxCkhIbFBkR3kyV1lVOUF1VTd2MUF5VFJJOHpuQmhDL3NUc1ZOaVMwNk5aVk1uclQxUDgzRGdaSjNmWG9sbVl6SFIKOFJJMVhxdHRqTVMrUFkvY3hCNTdXL2Q0a0pVSGdJT1I2TEhteWt3d25YUWovK2dTZWcySkhxMEloY0Y1RjVsNgpFTnBnNCtCOTdqK2FlNUxnMG9uNnZxUFBLOVRiM2J3SS9PVHdOZ0dySmNSTUE0TGM3MEFRTzErWXB3ZjBBc2FECkdFSkc4OEdYTkNjK0VzLzk2S0Jpa1VudVF5U0ltRGhKbmJRWEFnTUJBQUdqUlRCRE1BNEdBMVVkRHdFQi93UUUKQXdJQmhqQVNCZ05WSFJNQkFmOEVDREFHQVFIL0FnRUFNQjBHQTFVZERnUVdCQlJ5SzNTUjhqSnJNeXgzWTdxcQp5VnRHcnd0blhUQU5CZ2txaGtpRzl3MEJBUXNGQUFPQ0FRRUFFdFAzOEc1OWYwczJwL2RRM0NVRktKMm41MHBMCm1wbWd1R29qS0lnYVQyKzBZeGk0dzVTaHYwdHhhM3hqeUpjWGxlOHhUb3pjQzkrWjJwaU9PMHFhZmNXNmFpUnUKRDMyTFg4VTFKQmV5RWZFbm10Qzk2KzBoTlFvb2VERU9mSDdEbTlIOE1aNlJWciszeno3dTIwWnFzQ01oSmNLZAozbjlPRStkRE5XVFlITkZxS3BPTExjdE5ndXFpYy8zWGMvUXJKaUxMTzE5cnFCdVduditlUW9tVnlWTVBhYzRtCmZwOG0xTDJaZ0ZLR2M0TkxsdmJuNnNSbklqYzYvVEI4T09SVWpXUktFaEN5dytPc2RWT05Nc1hLcXp1Wlg1S0cKaVVtN1FLR09xclZiTWVmS1R4dmVoT1lXbTlhNjV0R3B4L2IwckhCSmVacHBPUE5kTGhCU3ZNNWRVdz09Ci0tLS0tRU5EIENFUlRJRklDQVRFLS0tLS0K\n    server: https://e69c3efa-2f32-46f8-9eeb-97cf1bff1b04.k8s.ondigitalocean.com\n  name: do-nyc1-jesusmoh\ncontexts:\n- context:\n    cluster: do-nyc1-jesusmoh\n    user: do-nyc1-jesusmoh-admin\n  name: do-nyc1-jesusmoh\ncurrent-context: do-nyc1-jesusmoh\nusers:\n- name: do-nyc1-jesusmoh-admin\n  user:\n    token: dop_v1_564cda03de94c675d71deb7fbca2de69d8bec15d0ad4e4ba316e4b445aae8a01\n",
            "content_base64": null,
            "content_base64sha256": "chNtHMgyzSVc06TA27cDqMu9E00EeeiFj9VXFGIpspM=",
            "content_base64sha512": "3JqnOT1kVEsf+vWPBGz1i3pnFEnq+M6dUmTLDILmvAS2UOVt7ymc8jKJhAJrzDPclET6pEMd9gAbuxuwKP108g==",
            "content_md5": "eeb17e354c4500a2588b0027a8afe242",
            "content_sha1": "c6379f970b29ddb6abf2a2f48043d0536be7d71d",
            "content_sha256": "72136d1cc832cd255cd3a4c0dbb703a8cbbd134d0479e8858fd557146229b293",
            "content_sha512": "dc9aa7393d64544b1ffaf58f046cf58b7a671449eaf8ce9d5264cb0c82e6bc04b650e56def299cf2328984026bcc33dc9444faa4431df6001bbb1bb028fd74f2",
            "directory_permission": "0777",
            "file_permission": "0777",
            "filename": "kubeconfig.yaml",
            "id": "c6379f970b29ddb6abf2a2f48043d0536be7d71d",
            "sensitive_content": null,
            "source": null
          },
          "sensitive_attributes": [
            [
              {
                "type": "get_attr",
                "value": "content"
              }
            ]
          ],
          "dependencies": [
            "digitalocean_kubernetes_cluster.jesusmoh"
          ]
        }
      ]
    }
  ],
  "check_results": null
}
