{
  "version": 4,
  "terraform_version": "1.5.6",
  "serial": 16,
  "lineage": "cc664c37-51a0-5675-8aae-ff4be3dfaa08",
  "outputs": {},
  "resources": [
    {
      "mode": "managed",
      "type": "digitalocean_domain",
      "name": "jesusmoh",
      "provider": "provider[\"registry.terraform.io/digitalocean/digitalocean\"]",
      "instances": [
        {
          "schema_version": 0,
          "attributes": {
            "id": "jesusmoh.com",
            "ip_address": null,
            "name": "jesusmoh.com",
            "ttl": 1800,
            "urn": "do:domain:jesusmoh.com"
          },
          "sensitive_attributes": [],
          "private": "bnVsbA=="
        }
      ]
    },
    {
      "mode": "managed",
      "type": "digitalocean_droplet",
      "name": "web",
      "provider": "provider[\"registry.terraform.io/digitalocean/digitalocean\"]",
      "instances": [
        {
          "schema_version": 1,
          "attributes": {
            "backups": false,
            "created_at": "2023-09-01T01:09:15Z",
            "disk": 25,
            "droplet_agent": null,
            "graceful_shutdown": false,
            "id": "372664533",
            "image": "ubuntu-18-04-x64",
            "ipv4_address": "157.230.212.40",
            "ipv4_address_private": "10.116.0.2",
            "ipv6": false,
            "ipv6_address": "",
            "locked": false,
            "memory": 1024,
            "monitoring": false,
            "name": "web-1",
            "price_hourly": 0.00893,
            "price_monthly": 6,
            "private_networking": true,
            "region": "nyc1",
            "resize_disk": true,
            "size": "s-1vcpu-1gb",
            "ssh_keys": [
              "5c:0b:7d:a5:5c:20:f0:87:b3:66:ec:f5:a2:bf:ca:0d"
            ],
            "status": "active",
            "tags": null,
            "timeouts": null,
            "urn": "do:droplet:372664533",
            "user_data": "e93bf5fcd569f9e02b066ad0151aa1815b6fb107",
            "vcpus": 1,
            "volume_ids": [],
            "vpc_uuid": "1a5b6357-1dde-4f3b-a5a4-686d4dcba718"
          },
          "sensitive_attributes": [],
          "private": "eyJlMmJmYjczMC1lY2FhLTExZTYtOGY4OC0zNDM2M2JjN2M0YzAiOnsiY3JlYXRlIjozNjAwMDAwMDAwMDAwLCJkZWxldGUiOjYwMDAwMDAwMDAwLCJ1cGRhdGUiOjM2MDAwMDAwMDAwMDB9LCJzY2hlbWFfdmVyc2lvbiI6IjEifQ==",
          "dependencies": [
            "digitalocean_ssh_key.jesusmoh"
          ]
        }
      ]
    },
    {
      "mode": "managed",
      "type": "digitalocean_record",
      "name": "www",
      "provider": "provider[\"registry.terraform.io/digitalocean/digitalocean\"]",
      "instances": [
        {
          "schema_version": 0,
          "attributes": {
            "domain": "jesusmoh.com",
            "flags": 0,
            "fqdn": "jesusmoh.jesusmoh.com",
            "id": "1697573332",
            "name": "jesusmoh",
            "port": 0,
            "priority": 0,
            "tag": "",
            "ttl": 40,
            "type": "A",
            "value": "157.230.212.40",
            "weight": 0
          },
          "sensitive_attributes": [],
          "private": "bnVsbA==",
          "dependencies": [
            "digitalocean_domain.jesusmoh",
            "digitalocean_droplet.web",
            "digitalocean_ssh_key.jesusmoh"
          ]
        }
      ]
    },
    {
      "mode": "managed",
      "type": "digitalocean_ssh_key",
      "name": "jesusmoh",
      "provider": "provider[\"registry.terraform.io/digitalocean/digitalocean\"]",
      "instances": [
        {
          "schema_version": 0,
          "attributes": {
            "fingerprint": "5c:0b:7d:a5:5c:20:f0:87:b3:66:ec:f5:a2:bf:ca:0d",
            "id": "39265758",
            "name": "jesusmoh",
            "public_key": "ssh-rsa AAAAB3NzaC1yc2EAAAADAQABAAABgQCfs6T8dx5qvW1jjU9Omy/FZSPFGYnpeqEremeKEGzPPf1Af7uPTXdtJjD7K5LWYS1/4w8rcZHHbVEcji2Sw1VFZCW3frWGK4XjCs8wkXlXe/uQkeDvYJjwqweIPhbcM6opN81yt0nlYNmsdrVYv0n9nVvawTCvwzx9c5kPllWgmRQQzSFyP9RRg8f85wLC+cwQxMUe+GRxTPUuxSnFSsIw8ikvel5hPt9SRqDcEeqFSxswJyWoXFSxbpsWwd8n6W7pu0jWhU1oVB/+sFzWj2qpVDY64M9N4o3InJFoataArFR2KxyE6DaNpXfmTUo66509vDRS77sHTzNrP7SuVanSTPH8QaGMDQZ0SbGnk6wnV95p84QGsgkPgdix7bmKlyJet60M5RKqL91lymRAK0hxF5KUWXIfkan56c0xZyre8PDj4VTGMH8cqSDB92Rhk3VFIFpUaY9PuVp7d44eQ8nQEzSJYnFEs/pnDzZl8DpftcftED/P3e+B85OTxgJIaYM= jortiz@jortizpc\n"
          },
          "sensitive_attributes": [],
          "private": "bnVsbA=="
        }
      ]
    }
  ],
  "check_results": null
}
